// !$*UTF8*$!
{
	archiveVersion = 1;
	classes = {
	};
	objectVersion = 50;
	objects = {

/* Begin PBXBuildFile section */
		832A189721BF7BB900097593 /* CCStore.h in Headers */ = {isa = PBXBuildFile; fileRef = 832A189521BF7BB900097593 /* CCStore.h */; settings = {ATTRIBUTES = (Public, ); }; };
		832A189E21BF7BE400097593 /* CCStore.swift in Sources */ = {isa = PBXBuildFile; fileRef = 832A189D21BF7BE400097593 /* CCStore.swift */; };
		832A18A021BF7C0800097593 /* SKProduct+LocalizedPrice.swift in Sources */ = {isa = PBXBuildFile; fileRef = 832A189F21BF7C0800097593 /* SKProduct+LocalizedPrice.swift */; };
		832A18A221BF7CB500097593 /* CCStore+SKPaymentTransactionObserver.swift in Sources */ = {isa = PBXBuildFile; fileRef = 832A18A121BF7CB500097593 /* CCStore+SKPaymentTransactionObserver.swift */; };
		832A18A421BF7CFC00097593 /* CCStore+SKProductRequestDelegate.swift in Sources */ = {isa = PBXBuildFile; fileRef = 832A18A321BF7CFC00097593 /* CCStore+SKProductRequestDelegate.swift */; };
		832A18A621BF7E3900097593 /* CCStoreProduct.swift in Sources */ = {isa = PBXBuildFile; fileRef = 832A18A521BF7E3900097593 /* CCStoreProduct.swift */; };
		832A18A821BF86E800097593 /* CCStoreConstants.swift in Sources */ = {isa = PBXBuildFile; fileRef = 832A18A721BF86E800097593 /* CCStoreConstants.swift */; };
		832A18AC21BF8DEF00097593 /* CCStore+Transaction.swift in Sources */ = {isa = PBXBuildFile; fileRef = 832A18AB21BF8DEF00097593 /* CCStore+Transaction.swift */; };
		832A18B121BF91A200097593 /* SKDownload+Deprecated.swift in Sources */ = {isa = PBXBuildFile; fileRef = 832A18B021BF91A200097593 /* SKDownload+Deprecated.swift */; };
/* End PBXBuildFile section */

/* Begin PBXFileReference section */
		832A189221BF7BB900097593 /* CCStore.framework */ = {isa = PBXFileReference; explicitFileType = wrapper.framework; includeInIndex = 0; path = CCStore.framework; sourceTree = BUILT_PRODUCTS_DIR; };
		832A189521BF7BB900097593 /* CCStore.h */ = {isa = PBXFileReference; lastKnownFileType = sourcecode.c.h; path = CCStore.h; sourceTree = "<group>"; };
		832A189621BF7BB900097593 /* Info.plist */ = {isa = PBXFileReference; lastKnownFileType = text.plist.xml; path = Info.plist; sourceTree = "<group>"; };
		832A189D21BF7BE400097593 /* CCStore.swift */ = {isa = PBXFileReference; lastKnownFileType = sourcecode.swift; path = CCStore.swift; sourceTree = "<group>"; };
		832A189F21BF7C0800097593 /* SKProduct+LocalizedPrice.swift */ = {isa = PBXFileReference; lastKnownFileType = sourcecode.swift; path = "SKProduct+LocalizedPrice.swift"; sourceTree = "<group>"; };
		832A18A121BF7CB500097593 /* CCStore+SKPaymentTransactionObserver.swift */ = {isa = PBXFileReference; lastKnownFileType = sourcecode.swift; path = "CCStore+SKPaymentTransactionObserver.swift"; sourceTree = "<group>"; };
		832A18A321BF7CFC00097593 /* CCStore+SKProductRequestDelegate.swift */ = {isa = PBXFileReference; lastKnownFileType = sourcecode.swift; path = "CCStore+SKProductRequestDelegate.swift"; sourceTree = "<group>"; };
		832A18A521BF7E3900097593 /* CCStoreProduct.swift */ = {isa = PBXFileReference; lastKnownFileType = sourcecode.swift; path = CCStoreProduct.swift; sourceTree = "<group>"; };
		832A18A721BF86E800097593 /* CCStoreConstants.swift */ = {isa = PBXFileReference; lastKnownFileType = sourcecode.swift; path = CCStoreConstants.swift; sourceTree = "<group>"; };
		832A18AB21BF8DEF00097593 /* CCStore+Transaction.swift */ = {isa = PBXFileReference; lastKnownFileType = sourcecode.swift; path = "CCStore+Transaction.swift"; sourceTree = "<group>"; };
		832A18B021BF91A200097593 /* SKDownload+Deprecated.swift */ = {isa = PBXFileReference; lastKnownFileType = sourcecode.swift; path = "SKDownload+Deprecated.swift"; sourceTree = "<group>"; };
/* End PBXFileReference section */

/* Begin PBXFrameworksBuildPhase section */
		832A188F21BF7BB900097593 /* Frameworks */ = {
			isa = PBXFrameworksBuildPhase;
			buildActionMask = 2147483647;
			files = (
			);
			runOnlyForDeploymentPostprocessing = 0;
		};
/* End PBXFrameworksBuildPhase section */

/* Begin PBXGroup section */
		832A188821BF7BB900097593 = {
			isa = PBXGroup;
			children = (
				832A189421BF7BB900097593 /* CCStore */,
				832A189321BF7BB900097593 /* Products */,
			);
			sourceTree = "<group>";
		};
		832A189321BF7BB900097593 /* Products */ = {
			isa = PBXGroup;
			children = (
				832A189221BF7BB900097593 /* CCStore.framework */,
			);
			name = Products;
			sourceTree = "<group>";
		};
		832A189421BF7BB900097593 /* CCStore */ = {
			isa = PBXGroup;
			children = (
				832A189521BF7BB900097593 /* CCStore.h */,
				832A189621BF7BB900097593 /* Info.plist */,
				832A189D21BF7BE400097593 /* CCStore.swift */,
				832A18AB21BF8DEF00097593 /* CCStore+Transaction.swift */,
				832A18A121BF7CB500097593 /* CCStore+SKPaymentTransactionObserver.swift */,
				832A18A321BF7CFC00097593 /* CCStore+SKProductRequestDelegate.swift */,
				832A18A521BF7E3900097593 /* CCStoreProduct.swift */,
				832A18A721BF86E800097593 /* CCStoreConstants.swift */,
				832A189F21BF7C0800097593 /* SKProduct+LocalizedPrice.swift */,
				832A18B021BF91A200097593 /* SKDownload+Deprecated.swift */,
			);
			path = CCStore;
			sourceTree = "<group>";
		};
/* End PBXGroup section */

/* Begin PBXHeadersBuildPhase section */
		832A188D21BF7BB900097593 /* Headers */ = {
			isa = PBXHeadersBuildPhase;
			buildActionMask = 2147483647;
			files = (
				832A189721BF7BB900097593 /* CCStore.h in Headers */,
			);
			runOnlyForDeploymentPostprocessing = 0;
		};
/* End PBXHeadersBuildPhase section */

/* Begin PBXNativeTarget section */
		832A189121BF7BB900097593 /* CCStore */ = {
			isa = PBXNativeTarget;
			buildConfigurationList = 832A189A21BF7BB900097593 /* Build configuration list for PBXNativeTarget "CCStore" */;
			buildPhases = (
				832A188D21BF7BB900097593 /* Headers */,
				832A188E21BF7BB900097593 /* Sources */,
				832A188F21BF7BB900097593 /* Frameworks */,
				832A189021BF7BB900097593 /* Resources */,
			);
			buildRules = (
			);
			dependencies = (
			);
			name = CCStore;
			productName = CCStore;
			productReference = 832A189221BF7BB900097593 /* CCStore.framework */;
			productType = "com.apple.product-type.framework";
		};
/* End PBXNativeTarget section */

/* Begin PBXProject section */
		832A188921BF7BB900097593 /* Project object */ = {
			isa = PBXProject;
			attributes = {
				LastUpgradeCheck = 1010;
				ORGANIZATIONNAME = Chris;
				TargetAttributes = {
					832A189121BF7BB900097593 = {
						CreatedOnToolsVersion = 10.1;
						LastSwiftMigration = 1010;
					};
				};
			};
			buildConfigurationList = 832A188C21BF7BB900097593 /* Build configuration list for PBXProject "CCStore" */;
			compatibilityVersion = "Xcode 9.3";
			developmentRegion = en;
			hasScannedForEncodings = 0;
			knownRegions = (
				en,
			);
			mainGroup = 832A188821BF7BB900097593;
			productRefGroup = 832A189321BF7BB900097593 /* Products */;
			projectDirPath = "";
			projectRoot = "";
			targets = (
				832A189121BF7BB900097593 /* CCStore */,
			);
		};
/* End PBXProject section */

/* Begin PBXResourcesBuildPhase section */
		832A189021BF7BB900097593 /* Resources */ = {
			isa = PBXResourcesBuildPhase;
			buildActionMask = 2147483647;
			files = (
			);
			runOnlyForDeploymentPostprocessing = 0;
		};
/* End PBXResourcesBuildPhase section */

/* Begin PBXSourcesBuildPhase section */
		832A188E21BF7BB900097593 /* Sources */ = {
			isa = PBXSourcesBuildPhase;
			buildActionMask = 2147483647;
			files = (
				832A18B121BF91A200097593 /* SKDownload+Deprecated.swift in Sources */,
				832A189E21BF7BE400097593 /* CCStore.swift in Sources */,
				832A18A821BF86E800097593 /* CCStoreConstants.swift in Sources */,
				832A18A621BF7E3900097593 /* CCStoreProduct.swift in Sources */,
				832A18A221BF7CB500097593 /* CCStore+SKPaymentTransactionObserver.swift in Sources */,
				832A18A421BF7CFC00097593 /* CCStore+SKProductRequestDelegate.swift in Sources */,
				832A18AC21BF8DEF00097593 /* CCStore+Transaction.swift in Sources */,
				832A18A021BF7C0800097593 /* SKProduct+LocalizedPrice.swift in Sources */,
			);
			runOnlyForDeploymentPostprocessing = 0;
		};
/* End PBXSourcesBuildPhase section */

/* Begin XCBuildConfiguration section */
		832A189821BF7BB900097593 /* Debug */ = {
			isa = XCBuildConfiguration;
			buildSettings = {
				ALWAYS_SEARCH_USER_PATHS = NO;
				CLANG_ANALYZER_NONNULL = YES;
				CLANG_ANALYZER_NUMBER_OBJECT_CONVERSION = YES_AGGRESSIVE;
				CLANG_CXX_LANGUAGE_STANDARD = "gnu++14";
				CLANG_CXX_LIBRARY = "libc++";
				CLANG_ENABLE_MODULES = YES;
				CLANG_ENABLE_OBJC_ARC = YES;
				CLANG_ENABLE_OBJC_WEAK = YES;
				CLANG_WARN_BLOCK_CAPTURE_AUTORELEASING = YES;
				CLANG_WARN_BOOL_CONVERSION = YES;
				CLANG_WARN_COMMA = YES;
				CLANG_WARN_CONSTANT_CONVERSION = YES;
				CLANG_WARN_DEPRECATED_OBJC_IMPLEMENTATIONS = YES;
				CLANG_WARN_DIRECT_OBJC_ISA_USAGE = YES_ERROR;
				CLANG_WARN_DOCUMENTATION_COMMENTS = YES;
				CLANG_WARN_EMPTY_BODY = YES;
				CLANG_WARN_ENUM_CONVERSION = YES;
				CLANG_WARN_INFINITE_RECURSION = YES;
				CLANG_WARN_INT_CONVERSION = YES;
				CLANG_WARN_NON_LITERAL_NULL_CONVERSION = YES;
				CLANG_WARN_OBJC_IMPLICIT_RETAIN_SELF = YES;
				CLANG_WARN_OBJC_LITERAL_CONVERSION = YES;
				CLANG_WARN_OBJC_ROOT_CLASS = YES_ERROR;
				CLANG_WARN_RANGE_LOOP_ANALYSIS = YES;
				CLANG_WARN_STRICT_PROTOTYPES = YES;
				CLANG_WARN_SUSPICIOUS_MOVE = YES;
				CLANG_WARN_UNGUARDED_AVAILABILITY = YES_AGGRESSIVE;
				CLANG_WARN_UNREACHABLE_CODE = YES;
				CLANG_WARN__DUPLICATE_METHOD_MATCH = YES;
				CODE_SIGN_IDENTITY = "iPhone Developer";
				COPY_PHASE_STRIP = NO;
				CURRENT_PROJECT_VERSION = 1;
				DEBUG_INFORMATION_FORMAT = dwarf;
				ENABLE_STRICT_OBJC_MSGSEND = YES;
				ENABLE_TESTABILITY = YES;
				GCC_C_LANGUAGE_STANDARD = gnu11;
				GCC_DYNAMIC_NO_PIC = NO;
				GCC_NO_COMMON_BLOCKS = YES;
				GCC_OPTIMIZATION_LEVEL = 0;
				GCC_PREPROCESSOR_DEFINITIONS = (
					"DEBUG=1",
					"$(inherited)",
				);
				GCC_WARN_64_TO_32_BIT_CONVERSION = YES;
				GCC_WARN_ABOUT_RETURN_TYPE = YES_ERROR;
				GCC_WARN_UNDECLARED_SELECTOR = YES;
				GCC_WARN_UNINITIALIZED_AUTOS = YES_AGGRESSIVE;
				GCC_WARN_UNUSED_FUNCTION = YES;
				GCC_WARN_UNUSED_VARIABLE = YES;
				IPHONEOS_DEPLOYMENT_TARGET = 12.1;
				MTL_ENABLE_DEBUG_INFO = INCLUDE_SOURCE;
				MTL_FAST_MATH = YES;
				ONLY_ACTIVE_ARCH = YES;
				SDKROOT = iphoneos;
				SWIFT_ACTIVE_COMPILATION_CONDITIONS = DEBUG;
				SWIFT_OPTIMIZATION_LEVEL = "-Onone";
				VERSIONING_SYSTEM = "apple-generic";
				VERSION_INFO_PREFIX = "";
			};
			name = Debug;
		};
		832A189921BF7BB900097593 /* Release */ = {
			isa = XCBuildConfiguration;
			buildSettings = {
				ALWAYS_SEARCH_USER_PATHS = NO;
				CLANG_ANALYZER_NONNULL = YES;
				CLANG_ANALYZER_NUMBER_OBJECT_CONVERSION = YES_AGGRESSIVE;
				CLANG_CXX_LANGUAGE_STANDARD = "gnu++14";
				CLANG_CXX_LIBRARY = "libc++";
				CLANG_ENABLE_MODULES = YES;
				CLANG_ENABLE_OBJC_ARC = YES;
				CLANG_ENABLE_OBJC_WEAK = YES;
				CLANG_WARN_BLOCK_CAPTURE_AUTORELEASING = YES;
				CLANG_WARN_BOOL_CONVERSION = YES;
				CLANG_WARN_COMMA = YES;
				CLANG_WARN_CONSTANT_CONVERSION = YES;
				CLANG_WARN_DEPRECATED_OBJC_IMPLEMENTATIONS = YES;
				CLANG_WARN_DIRECT_OBJC_ISA_USAGE = YES_ERROR;
				CLANG_WARN_DOCUMENTATION_COMMENTS = YES;
				CLANG_WARN_EMPTY_BODY = YES;
				CLANG_WARN_ENUM_CONVERSION = YES;
				CLANG_WARN_INFINITE_RECURSION = YES;
				CLANG_WARN_INT_CONVERSION = YES;
				CLANG_WARN_NON_LITERAL_NULL_CONVERSION = YES;
				CLANG_WARN_OBJC_IMPLICIT_RETAIN_SELF = YES;
				CLANG_WARN_OBJC_LITERAL_CONVERSION = YES;
				CLANG_WARN_OBJC_ROOT_CLASS = YES_ERROR;
				CLANG_WARN_RANGE_LOOP_ANALYSIS = YES;
				CLANG_WARN_STRICT_PROTOTYPES = YES;
				CLANG_WARN_SUSPICIOUS_MOVE = YES;
				CLANG_WARN_UNGUARDED_AVAILABILITY = YES_AGGRESSIVE;
				CLANG_WARN_UNREACHABLE_CODE = YES;
				CLANG_WARN__DUPLICATE_METHOD_MATCH = YES;
				CODE_SIGN_IDENTITY = "iPhone Developer";
				COPY_PHASE_STRIP = NO;
				CURRENT_PROJECT_VERSION = 1;
				DEBUG_INFORMATION_FORMAT = "dwarf-with-dsym";
				ENABLE_NS_ASSERTIONS = NO;
				ENABLE_STRICT_OBJC_MSGSEND = YES;
				GCC_C_LANGUAGE_STANDARD = gnu11;
				GCC_NO_COMMON_BLOCKS = YES;
				GCC_WARN_64_TO_32_BIT_CONVERSION = YES;
				GCC_WARN_ABOUT_RETURN_TYPE = YES_ERROR;
				GCC_WARN_UNDECLARED_SELECTOR = YES;
				GCC_WARN_UNINITIALIZED_AUTOS = YES_AGGRESSIVE;
				GCC_WARN_UNUSED_FUNCTION = YES;
				GCC_WARN_UNUSED_VARIABLE = YES;
				IPHONEOS_DEPLOYMENT_TARGET = 12.1;
				MTL_ENABLE_DEBUG_INFO = NO;
				MTL_FAST_MATH = YES;
				SDKROOT = iphoneos;
				SWIFT_COMPILATION_MODE = wholemodule;
				SWIFT_OPTIMIZATION_LEVEL = "-O";
				VALIDATE_PRODUCT = YES;
				VERSIONING_SYSTEM = "apple-generic";
				VERSION_INFO_PREFIX = "";
			};
			name = Release;
		};
		832A189B21BF7BB900097593 /* Debug */ = {
			isa = XCBuildConfiguration;
			buildSettings = {
				CLANG_ENABLE_MODULES = YES;
				CODE_SIGN_IDENTITY = "";
				CODE_SIGN_STYLE = Automatic;
				DEFINES_MODULE = YES;
				DEVELOPMENT_TEAM = K2DYHV494C;
				DYLIB_COMPATIBILITY_VERSION = 1;
				DYLIB_CURRENT_VERSION = 1;
				DYLIB_INSTALL_NAME_BASE = "@rpath";
				INFOPLIST_FILE = CCStore/Info.plist;
				INSTALL_PATH = "$(LOCAL_LIBRARY_DIR)/Frameworks";
				IPHONEOS_DEPLOYMENT_TARGET = 11.0;
				LD_RUNPATH_SEARCH_PATHS = (
					"$(inherited)",
					"@executable_path/Frameworks",
					"@loader_path/Frameworks",
				);
				PRODUCT_BUNDLE_IDENTIFIER = com.coderchrismills.CCStore;
				PRODUCT_NAME = "$(TARGET_NAME:c99extidentifier)";
				SKIP_INSTALL = YES;
				SWIFT_OPTIMIZATION_LEVEL = "-Onone";
				SWIFT_VERSION = 4.2;
				TARGETED_DEVICE_FAMILY = "1,2";
			};
			name = Debug;
		};
		832A189C21BF7BB900097593 /* Release */ = {
			isa = XCBuildConfiguration;
			buildSettings = {
				CLANG_ENABLE_MODULES = YES;
				CODE_SIGN_IDENTITY = "";
				CODE_SIGN_STYLE = Automatic;
				DEFINES_MODULE = YES;
				DEVELOPMENT_TEAM = K2DYHV494C;
				DYLIB_COMPATIBILITY_VERSION = 1;
				DYLIB_CURRENT_VERSION = 1;
				DYLIB_INSTALL_NAME_BASE = "@rpath";
				INFOPLIST_FILE = CCStore/Info.plist;
				INSTALL_PATH = "$(LOCAL_LIBRARY_DIR)/Frameworks";
				IPHONEOS_DEPLOYMENT_TARGET = 11.0;
				LD_RUNPATH_SEARCH_PATHS = (
					"$(inherited)",
					"@executable_path/Frameworks",
					"@loader_path/Frameworks",
				);
				PRODUCT_BUNDLE_IDENTIFIER = com.coderchrismills.CCStore;
				PRODUCT_NAME = "$(TARGET_NAME:c99extidentifier)";
				SKIP_INSTALL = YES;
				SWIFT_VERSION = 4.2;
				TARGETED_DEVICE_FAMILY = "1,2";
			};
			name = Release;
		};
/* End XCBuildConfiguration section */

/* Begin XCConfigurationList section */
		832A188C21BF7BB900097593 /* Build configuration list for PBXProject "CCStore" */ = {
			isa = XCConfigurationList;
			buildConfigurations = (
				832A189821BF7BB900097593 /* Debug */,
				832A189921BF7BB900097593 /* Release */,
			);
			defaultConfigurationIsVisible = 0;
			defaultConfigurationName = Release;
		};
		832A189A21BF7BB900097593 /* Build configuration list for PBXNativeTarget "CCStore" */ = {
			isa = XCConfigurationList;
			buildConfigurations = (
				832A189B21BF7BB900097593 /* Debug */,
				832A189C21BF7BB900097593 /* Release */,
			);
			defaultConfigurationIsVisible = 0;
			defaultConfigurationName = Release;
		};
/* End XCConfigurationList section */
	};
	rootObject = 832A188921BF7BB900097593 /* Project object */;
}
